
Microsoft Visual Studio Solution File, Format Version 12.00
# Visual Studio Version 17
VisualStudioVersion = 17.4.33213.308
MinimumVisualStudioVersion = 10.0.40219.1
Project("{FAE04EC0-301F-11D3-BF4B-00C04F79EFBC}") = "Soporte_tecnico", "Soporte_tecnico\Soporte_tecnico.csproj", "{944CD981-9105-4B1D-85C7-30C3C3D9C371}"
EndProject
Project("{FAE04EC0-301F-11D3-BF4B-00C04F79EFBC}") = "Entidades", "Entidades\Entidades.csproj", "{F17A53C0-D330-4372-993B-012B79D91F4E}"
EndProject
Project("{FAE04EC0-301F-11D3-BF4B-00C04F79EFBC}") = "Datos", "Datos\Datos.csproj", "{FF79DB1E-B3CA-44D1-B782-AD79175DAFDB}"
EndProject
Global
	GlobalSection(SolutionConfigurationPlatforms) = preSolution
		Debug|Any CPU = Debug|Any CPU
		Release|Any CPU = Release|Any CPU
	EndGlobalSection
	GlobalSection(ProjectConfigurationPlatforms) = postSolution
		{944CD981-9105-4B1D-85C7-30C3C3D9C371}.Debug|Any CPU.ActiveCfg = Debug|Any CPU
		{944CD981-9105-4B1D-85C7-30C3C3D9C371}.Debug|Any CPU.Build.0 = Debug|Any CPU
		{944CD981-9105-4B1D-85C7-30C3C3D9C371}.Release|Any CPU.ActiveCfg = Release|Any CPU
		{944CD981-9105-4B1D-85C7-30C3C3D9C371}.Release|Any CPU.Build.0 = Release|Any CPU
		{F17A53C0-D330-4372-993B-012B79D91F4E}.Debug|Any CPU.ActiveCfg = Debug|Any CPU
		{F17A53C0-D330-4372-993B-012B79D91F4E}.Debug|Any CPU.Build.0 = Debug|Any CPU
		{F17A53C0-D330-4372-993B-012B79D91F4E}.Release|Any CPU.ActiveCfg = Release|Any CPU
		{F17A53C0-D330-4372-993B-012B79D91F4E}.Release|Any CPU.Build.0 = Release|Any CPU
		{FF79DB1E-B3CA-44D1-B782-AD79175DAFDB}.Debug|Any CPU.ActiveCfg = Debug|Any CPU
		{FF79DB1E-B3CA-44D1-B782-AD79175DAFDB}.Debug|Any CPU.Build.0 = Debug|Any CPU
		{FF79DB1E-B3CA-44D1-B782-AD79175DAFDB}.Release|Any CPU.ActiveCfg = Release|Any CPU
		{FF79DB1E-B3CA-44D1-B782-AD79175DAFDB}.Release|Any CPU.Build.0 = Release|Any CPU
	EndGlobalSection
	GlobalSection(SolutionProperties) = preSolution
		HideSolutionNode = FALSE
	EndGlobalSection
	GlobalSection(ExtensibilityGlobals) = postSolution
		SolutionGuid = {CF69B8D7-1712-49A7-8BFE-7FCE587EA2F5}
	EndGlobalSection
EndGlobal
